
Microsoft Visual Studio Solution File, Format Version 12.00
# Visual Studio 15
VisualStudioVersion = 15.0.28307.421
MinimumVisualStudioVersion = 10.0.40219.1
Project("{8BC9CEB8-8B4A-11D0-8D11-00A0C91BC942}") = "Project60", "Project60\Project60.vcxproj", "{CB0AF3D9-FB19-42E8-930C-DF9A0D56B040}"
EndProject
Global
	GlobalSection(SolutionConfigurationPlatforms) = preSolution
		Debug|x64 = Debug|x64
		Debug|x86 = Debug|x86
		Release|x64 = Release|x64
		Release|x86 = Release|x86
	EndGlobalSection
	GlobalSection(ProjectConfigurationPlatforms) = postSolution
		{CB0AF3D9-FB19-42E8-930C-DF9A0D56B040}.Debug|x64.ActiveCfg = Debug|x64
		{CB0AF3D9-FB19-42E8-930C-DF9A0D56B040}.Debug|x64.Build.0 = Debug|x64
		{CB0AF3D9-FB19-42E8-930C-DF9A0D56B040}.Debug|x86.ActiveCfg = Debug|Win32
		{CB0AF3D9-FB19-42E8-930C-DF9A0D56B040}.Debug|x86.Build.0 = Debug|Win32
		{CB0AF3D9-FB19-42E8-930C-DF9A0D56B040}.Release|x64.ActiveCfg = Release|x64
		{CB0AF3D9-FB19-42E8-930C-DF9A0D56B040}.Release|x64.Build.0 = Release|x64
		{CB0AF3D9-FB19-42E8-930C-DF9A0D56B040}.Release|x86.ActiveCfg = Release|Win32
		{CB0AF3D9-FB19-42E8-930C-DF9A0D56B040}.Release|x86.Build.0 = Release|Win32
	EndGlobalSection
	GlobalSection(SolutionProperties) = preSolution
		HideSolutionNode = FALSE
	EndGlobalSection
	GlobalSection(ExtensibilityGlobals) = postSolution
		SolutionGuid = {7462A675-0FBE-4926-8B4C-0224699E8F78}
	EndGlobalSection
EndGlobal
