
Microsoft Visual Studio Solution File, Format Version 12.00
# Visual Studio 15
VisualStudioVersion = 15.0.28010.2026
MinimumVisualStudioVersion = 10.0.40219.1
Project("{8BC9CEB8-8B4A-11D0-8D11-00A0C91BC942}") = "Project15", "Project15\Project15.vcxproj", "{84BDAE15-A06F-4AFD-820A-26AB263ABD48}"
EndProject
Global
	GlobalSection(SolutionConfigurationPlatforms) = preSolution
		Debug|x64 = Debug|x64
		Debug|x86 = Debug|x86
		Release|x64 = Release|x64
		Release|x86 = Release|x86
	EndGlobalSection
	GlobalSection(ProjectConfigurationPlatforms) = postSolution
		{84BDAE15-A06F-4AFD-820A-26AB263ABD48}.Debug|x64.ActiveCfg = Debug|x64
		{84BDAE15-A06F-4AFD-820A-26AB263ABD48}.Debug|x64.Build.0 = Debug|x64
		{84BDAE15-A06F-4AFD-820A-26AB263ABD48}.Debug|x86.ActiveCfg = Debug|Win32
		{84BDAE15-A06F-4AFD-820A-26AB263ABD48}.Debug|x86.Build.0 = Debug|Win32
		{84BDAE15-A06F-4AFD-820A-26AB263ABD48}.Release|x64.ActiveCfg = Release|x64
		{84BDAE15-A06F-4AFD-820A-26AB263ABD48}.Release|x64.Build.0 = Release|x64
		{84BDAE15-A06F-4AFD-820A-26AB263ABD48}.Release|x86.ActiveCfg = Release|Win32
		{84BDAE15-A06F-4AFD-820A-26AB263ABD48}.Release|x86.Build.0 = Release|Win32
	EndGlobalSection
	GlobalSection(SolutionProperties) = preSolution
		HideSolutionNode = FALSE
	EndGlobalSection
	GlobalSection(ExtensibilityGlobals) = postSolution
		SolutionGuid = {A823D288-F648-4E33-87CC-00DD135FD3B0}
	EndGlobalSection
EndGlobal
