
Microsoft Visual Studio Solution File, Format Version 12.00
# Visual Studio 15
VisualStudioVersion = 15.0.28010.2026
MinimumVisualStudioVersion = 10.0.40219.1
Project("{8BC9CEB8-8B4A-11D0-8D11-00A0C91BC942}") = "ConsoleApplication8", "ConsoleApplication8\ConsoleApplication8.vcxproj", "{C5AECE6D-4AB5-45D8-BFEC-38A4EEC04742}"
EndProject
Global
	GlobalSection(SolutionConfigurationPlatforms) = preSolution
		Debug|x64 = Debug|x64
		Debug|x86 = Debug|x86
		Release|x64 = Release|x64
		Release|x86 = Release|x86
	EndGlobalSection
	GlobalSection(ProjectConfigurationPlatforms) = postSolution
		{C5AECE6D-4AB5-45D8-BFEC-38A4EEC04742}.Debug|x64.ActiveCfg = Debug|x64
		{C5AECE6D-4AB5-45D8-BFEC-38A4EEC04742}.Debug|x64.Build.0 = Debug|x64
		{C5AECE6D-4AB5-45D8-BFEC-38A4EEC04742}.Debug|x86.ActiveCfg = Debug|Win32
		{C5AECE6D-4AB5-45D8-BFEC-38A4EEC04742}.Debug|x86.Build.0 = Debug|Win32
		{C5AECE6D-4AB5-45D8-BFEC-38A4EEC04742}.Release|x64.ActiveCfg = Release|x64
		{C5AECE6D-4AB5-45D8-BFEC-38A4EEC04742}.Release|x64.Build.0 = Release|x64
		{C5AECE6D-4AB5-45D8-BFEC-38A4EEC04742}.Release|x86.ActiveCfg = Release|Win32
		{C5AECE6D-4AB5-45D8-BFEC-38A4EEC04742}.Release|x86.Build.0 = Release|Win32
	EndGlobalSection
	GlobalSection(SolutionProperties) = preSolution
		HideSolutionNode = FALSE
	EndGlobalSection
	GlobalSection(ExtensibilityGlobals) = postSolution
		SolutionGuid = {0BCE8047-8C11-452F-A80D-33A5CBCBC6FC}
	EndGlobalSection
EndGlobal
