
Microsoft Visual Studio Solution File, Format Version 12.00
# Visual Studio 15
VisualStudioVersion = 15.0.28307.421
MinimumVisualStudioVersion = 10.0.40219.1
Project("{8BC9CEB8-8B4A-11D0-8D11-00A0C91BC942}") = "Project53", "Project53\Project53.vcxproj", "{793C3869-AD06-4F9D-AC4A-F4B4EA024FC1}"
EndProject
Global
	GlobalSection(SolutionConfigurationPlatforms) = preSolution
		Debug|x64 = Debug|x64
		Debug|x86 = Debug|x86
		Release|x64 = Release|x64
		Release|x86 = Release|x86
	EndGlobalSection
	GlobalSection(ProjectConfigurationPlatforms) = postSolution
		{793C3869-AD06-4F9D-AC4A-F4B4EA024FC1}.Debug|x64.ActiveCfg = Debug|x64
		{793C3869-AD06-4F9D-AC4A-F4B4EA024FC1}.Debug|x64.Build.0 = Debug|x64
		{793C3869-AD06-4F9D-AC4A-F4B4EA024FC1}.Debug|x86.ActiveCfg = Debug|Win32
		{793C3869-AD06-4F9D-AC4A-F4B4EA024FC1}.Debug|x86.Build.0 = Debug|Win32
		{793C3869-AD06-4F9D-AC4A-F4B4EA024FC1}.Release|x64.ActiveCfg = Release|x64
		{793C3869-AD06-4F9D-AC4A-F4B4EA024FC1}.Release|x64.Build.0 = Release|x64
		{793C3869-AD06-4F9D-AC4A-F4B4EA024FC1}.Release|x86.ActiveCfg = Release|Win32
		{793C3869-AD06-4F9D-AC4A-F4B4EA024FC1}.Release|x86.Build.0 = Release|Win32
	EndGlobalSection
	GlobalSection(SolutionProperties) = preSolution
		HideSolutionNode = FALSE
	EndGlobalSection
	GlobalSection(ExtensibilityGlobals) = postSolution
		SolutionGuid = {2486900C-4B78-4DC8-B77C-E57C75C64ABE}
	EndGlobalSection
EndGlobal
