
Microsoft Visual Studio Solution File, Format Version 12.00
# Visual Studio 15
VisualStudioVersion = 15.0.28010.2026
MinimumVisualStudioVersion = 10.0.40219.1
Project("{8BC9CEB8-8B4A-11D0-8D11-00A0C91BC942}") = "ConsoleApplication21", "ConsoleApplication21\ConsoleApplication21.vcxproj", "{574B4F6D-7B3A-46C5-9A2F-9894C743ABFB}"
EndProject
Global
	GlobalSection(SolutionConfigurationPlatforms) = preSolution
		Debug|x64 = Debug|x64
		Debug|x86 = Debug|x86
		Release|x64 = Release|x64
		Release|x86 = Release|x86
	EndGlobalSection
	GlobalSection(ProjectConfigurationPlatforms) = postSolution
		{574B4F6D-7B3A-46C5-9A2F-9894C743ABFB}.Debug|x64.ActiveCfg = Debug|x64
		{574B4F6D-7B3A-46C5-9A2F-9894C743ABFB}.Debug|x64.Build.0 = Debug|x64
		{574B4F6D-7B3A-46C5-9A2F-9894C743ABFB}.Debug|x86.ActiveCfg = Debug|Win32
		{574B4F6D-7B3A-46C5-9A2F-9894C743ABFB}.Debug|x86.Build.0 = Debug|Win32
		{574B4F6D-7B3A-46C5-9A2F-9894C743ABFB}.Release|x64.ActiveCfg = Release|x64
		{574B4F6D-7B3A-46C5-9A2F-9894C743ABFB}.Release|x64.Build.0 = Release|x64
		{574B4F6D-7B3A-46C5-9A2F-9894C743ABFB}.Release|x86.ActiveCfg = Release|Win32
		{574B4F6D-7B3A-46C5-9A2F-9894C743ABFB}.Release|x86.Build.0 = Release|Win32
	EndGlobalSection
	GlobalSection(SolutionProperties) = preSolution
		HideSolutionNode = FALSE
	EndGlobalSection
	GlobalSection(ExtensibilityGlobals) = postSolution
		SolutionGuid = {2AE114F8-8C58-4F35-9451-B225DEB22D01}
	EndGlobalSection
EndGlobal
