
Microsoft Visual Studio Solution File, Format Version 12.00
# Visual Studio 15
VisualStudioVersion = 15.0.28010.2026
MinimumVisualStudioVersion = 10.0.40219.1
Project("{8BC9CEB8-8B4A-11D0-8D11-00A0C91BC942}") = "Project6", "Project6\Project6.vcxproj", "{656B68DD-C863-4C87-B991-D8EF71CDD9FB}"
EndProject
Global
	GlobalSection(SolutionConfigurationPlatforms) = preSolution
		Debug|x64 = Debug|x64
		Debug|x86 = Debug|x86
		Release|x64 = Release|x64
		Release|x86 = Release|x86
	EndGlobalSection
	GlobalSection(ProjectConfigurationPlatforms) = postSolution
		{656B68DD-C863-4C87-B991-D8EF71CDD9FB}.Debug|x64.ActiveCfg = Debug|x64
		{656B68DD-C863-4C87-B991-D8EF71CDD9FB}.Debug|x64.Build.0 = Debug|x64
		{656B68DD-C863-4C87-B991-D8EF71CDD9FB}.Debug|x86.ActiveCfg = Debug|Win32
		{656B68DD-C863-4C87-B991-D8EF71CDD9FB}.Debug|x86.Build.0 = Debug|Win32
		{656B68DD-C863-4C87-B991-D8EF71CDD9FB}.Release|x64.ActiveCfg = Release|x64
		{656B68DD-C863-4C87-B991-D8EF71CDD9FB}.Release|x64.Build.0 = Release|x64
		{656B68DD-C863-4C87-B991-D8EF71CDD9FB}.Release|x86.ActiveCfg = Release|Win32
		{656B68DD-C863-4C87-B991-D8EF71CDD9FB}.Release|x86.Build.0 = Release|Win32
	EndGlobalSection
	GlobalSection(SolutionProperties) = preSolution
		HideSolutionNode = FALSE
	EndGlobalSection
	GlobalSection(ExtensibilityGlobals) = postSolution
		SolutionGuid = {665BAB19-1530-4AA6-9F8F-1AF522630EFE}
	EndGlobalSection
EndGlobal
